
Microsoft Visual Studio Solution File, Format Version 12.00
Project("{FAE04EC0-301F-11D3-BF4B-00C04F79EFBC}") = "LittleToDoList.Api", "LittleToDoList.Api\LittleToDoList.Api.csproj", "{0EC2BD66-8A3C-4B13-B73C-AB0AE3BA9BBB}"
EndProject
Project("{2150E333-8FDC-42A3-9474-1A3956D46DE8}") = "LittleToDoList.Business", "LittleToDoList.Business", "{CE2A4F72-CC0C-454C-80EF-9898326D8138}"
EndProject
Project("{2150E333-8FDC-42A3-9474-1A3956D46DE8}") = "LittleToDoList.Application", "LittleToDoList.Application", "{FEECBC39-0BA7-4487-B26B-71A974B8B970}"
EndProject
Project("{2150E333-8FDC-42A3-9474-1A3956D46DE8}") = "LittleToDoList.Api", "LittleToDoList.Api", "{B214A776-B7D4-4664-ADA0-95D3C203FFF7}"
EndProject
Project("{2150E333-8FDC-42A3-9474-1A3956D46DE8}") = "LittleToDoList.Infrastructure", "LittleToDoList.Infrastructure", "{5085DD10-C89C-4B4D-938D-FCDEA85CF0DF}"
EndProject
Project("{FAE04EC0-301F-11D3-BF4B-00C04F79EFBC}") = "LittleToDoList.Infrastructure.Repositories", "LittleToDoList.Infrastructure.Repositories\LittleToDoList.Infrastructure.Repositories.csproj", "{7D513FD5-F01F-4EEF-8D1E-B119CE2C954E}"
EndProject
Project("{FAE04EC0-301F-11D3-BF4B-00C04F79EFBC}") = "LittleToDoList.Business.Abstractions", "LittleToDoList.Business.Abstractions\LittleToDoList.Business.Abstractions.csproj", "{023211BB-76D5-4A18-9370-1570594602E7}"
EndProject
Project("{FAE04EC0-301F-11D3-BF4B-00C04F79EFBC}") = "LittleToDoList.Application.Services", "LittleToDoList.Application.Services\LittleToDoList.Application.Services.csproj", "{052894EC-625D-4799-8E78-8BB507B4C384}"
EndProject
Project("{FAE04EC0-301F-11D3-BF4B-00C04F79EFBC}") = "LittleToDoList.Application.Dto", "LittleToDoList.Application.Dto\LittleToDoList.Application.Dto.csproj", "{FF97084D-1A29-4709-AEEA-365BAD949C90}"
EndProject
Project("{FAE04EC0-301F-11D3-BF4B-00C04F79EFBC}") = "LittleToDoList.Business.Entities", "LittleToDoList.Business.Entities\LittleToDoList.Business.Entities.csproj", "{E34FE728-BD2A-4C14-820C-F3731A1A095E}"
EndProject
Project("{FAE04EC0-301F-11D3-BF4B-00C04F79EFBC}") = "LittleToDoList.Business.Events", "LittleToDoList.Business.Events\LittleToDoList.Business.Events.csproj", "{0F723A16-1416-409B-9182-23FC5E90E6FB}"
EndProject
Project("{FAE04EC0-301F-11D3-BF4B-00C04F79EFBC}") = "LittleToDoList.Business.DomainEventHandlers", "LittleToDoList.Business.DomainEventHandlers\LittleToDoList.Business.DomainEventHandlers.csproj", "{E783917E-41E4-4BDE-925A-21F0035A992F}"
EndProject
Project("{FAE04EC0-301F-11D3-BF4B-00C04F79EFBC}") = "LittleToDoList.Infrastructure", "LittleToDoList.Infrastructure\LittleToDoList.Infrastructure.csproj", "{1A91AE04-B93D-4A93-BE3C-60CDCFD8E1DF}"
EndProject
Project("{FAE04EC0-301F-11D3-BF4B-00C04F79EFBC}") = "LittleToDoList.Api.Controllers", "LittleToDoList.Api\LittleToDoList.Api.Controllers\LittleToDoList.Api.Controllers.csproj", "{AD49D2A7-09A5-4F9C-A036-1FD18E4B720D}"
EndProject
Global
	GlobalSection(SolutionConfigurationPlatforms) = preSolution
		Debug|Any CPU = Debug|Any CPU
		Release|Any CPU = Release|Any CPU
	EndGlobalSection
	GlobalSection(ProjectConfigurationPlatforms) = postSolution
		{0EC2BD66-8A3C-4B13-B73C-AB0AE3BA9BBB}.Debug|Any CPU.ActiveCfg = Debug|Any CPU
		{0EC2BD66-8A3C-4B13-B73C-AB0AE3BA9BBB}.Debug|Any CPU.Build.0 = Debug|Any CPU
		{0EC2BD66-8A3C-4B13-B73C-AB0AE3BA9BBB}.Release|Any CPU.ActiveCfg = Release|Any CPU
		{0EC2BD66-8A3C-4B13-B73C-AB0AE3BA9BBB}.Release|Any CPU.Build.0 = Release|Any CPU
		{7D513FD5-F01F-4EEF-8D1E-B119CE2C954E}.Debug|Any CPU.ActiveCfg = Debug|Any CPU
		{7D513FD5-F01F-4EEF-8D1E-B119CE2C954E}.Debug|Any CPU.Build.0 = Debug|Any CPU
		{7D513FD5-F01F-4EEF-8D1E-B119CE2C954E}.Release|Any CPU.ActiveCfg = Release|Any CPU
		{7D513FD5-F01F-4EEF-8D1E-B119CE2C954E}.Release|Any CPU.Build.0 = Release|Any CPU
		{023211BB-76D5-4A18-9370-1570594602E7}.Debug|Any CPU.ActiveCfg = Debug|Any CPU
		{023211BB-76D5-4A18-9370-1570594602E7}.Debug|Any CPU.Build.0 = Debug|Any CPU
		{023211BB-76D5-4A18-9370-1570594602E7}.Release|Any CPU.ActiveCfg = Release|Any CPU
		{023211BB-76D5-4A18-9370-1570594602E7}.Release|Any CPU.Build.0 = Release|Any CPU
		{052894EC-625D-4799-8E78-8BB507B4C384}.Debug|Any CPU.ActiveCfg = Debug|Any CPU
		{052894EC-625D-4799-8E78-8BB507B4C384}.Debug|Any CPU.Build.0 = Debug|Any CPU
		{052894EC-625D-4799-8E78-8BB507B4C384}.Release|Any CPU.ActiveCfg = Release|Any CPU
		{052894EC-625D-4799-8E78-8BB507B4C384}.Release|Any CPU.Build.0 = Release|Any CPU
		{FF97084D-1A29-4709-AEEA-365BAD949C90}.Debug|Any CPU.ActiveCfg = Debug|Any CPU
		{FF97084D-1A29-4709-AEEA-365BAD949C90}.Debug|Any CPU.Build.0 = Debug|Any CPU
		{FF97084D-1A29-4709-AEEA-365BAD949C90}.Release|Any CPU.ActiveCfg = Release|Any CPU
		{FF97084D-1A29-4709-AEEA-365BAD949C90}.Release|Any CPU.Build.0 = Release|Any CPU
		{E34FE728-BD2A-4C14-820C-F3731A1A095E}.Debug|Any CPU.ActiveCfg = Debug|Any CPU
		{E34FE728-BD2A-4C14-820C-F3731A1A095E}.Debug|Any CPU.Build.0 = Debug|Any CPU
		{E34FE728-BD2A-4C14-820C-F3731A1A095E}.Release|Any CPU.ActiveCfg = Release|Any CPU
		{E34FE728-BD2A-4C14-820C-F3731A1A095E}.Release|Any CPU.Build.0 = Release|Any CPU
		{0F723A16-1416-409B-9182-23FC5E90E6FB}.Debug|Any CPU.ActiveCfg = Debug|Any CPU
		{0F723A16-1416-409B-9182-23FC5E90E6FB}.Debug|Any CPU.Build.0 = Debug|Any CPU
		{0F723A16-1416-409B-9182-23FC5E90E6FB}.Release|Any CPU.ActiveCfg = Release|Any CPU
		{0F723A16-1416-409B-9182-23FC5E90E6FB}.Release|Any CPU.Build.0 = Release|Any CPU
		{E783917E-41E4-4BDE-925A-21F0035A992F}.Debug|Any CPU.ActiveCfg = Debug|Any CPU
		{E783917E-41E4-4BDE-925A-21F0035A992F}.Debug|Any CPU.Build.0 = Debug|Any CPU
		{E783917E-41E4-4BDE-925A-21F0035A992F}.Release|Any CPU.ActiveCfg = Release|Any CPU
		{E783917E-41E4-4BDE-925A-21F0035A992F}.Release|Any CPU.Build.0 = Release|Any CPU
		{1A91AE04-B93D-4A93-BE3C-60CDCFD8E1DF}.Debug|Any CPU.ActiveCfg = Debug|Any CPU
		{1A91AE04-B93D-4A93-BE3C-60CDCFD8E1DF}.Debug|Any CPU.Build.0 = Debug|Any CPU
		{1A91AE04-B93D-4A93-BE3C-60CDCFD8E1DF}.Release|Any CPU.ActiveCfg = Release|Any CPU
		{1A91AE04-B93D-4A93-BE3C-60CDCFD8E1DF}.Release|Any CPU.Build.0 = Release|Any CPU
		{AD49D2A7-09A5-4F9C-A036-1FD18E4B720D}.Debug|Any CPU.ActiveCfg = Debug|Any CPU
		{AD49D2A7-09A5-4F9C-A036-1FD18E4B720D}.Debug|Any CPU.Build.0 = Debug|Any CPU
		{AD49D2A7-09A5-4F9C-A036-1FD18E4B720D}.Release|Any CPU.ActiveCfg = Release|Any CPU
		{AD49D2A7-09A5-4F9C-A036-1FD18E4B720D}.Release|Any CPU.Build.0 = Release|Any CPU
	EndGlobalSection
	GlobalSection(NestedProjects) = preSolution
		{7D513FD5-F01F-4EEF-8D1E-B119CE2C954E} = {5085DD10-C89C-4B4D-938D-FCDEA85CF0DF}
		{023211BB-76D5-4A18-9370-1570594602E7} = {CE2A4F72-CC0C-454C-80EF-9898326D8138}
		{052894EC-625D-4799-8E78-8BB507B4C384} = {FEECBC39-0BA7-4487-B26B-71A974B8B970}
		{E34FE728-BD2A-4C14-820C-F3731A1A095E} = {CE2A4F72-CC0C-454C-80EF-9898326D8138}
		{0F723A16-1416-409B-9182-23FC5E90E6FB} = {CE2A4F72-CC0C-454C-80EF-9898326D8138}
		{E783917E-41E4-4BDE-925A-21F0035A992F} = {CE2A4F72-CC0C-454C-80EF-9898326D8138}
		{1A91AE04-B93D-4A93-BE3C-60CDCFD8E1DF} = {5085DD10-C89C-4B4D-938D-FCDEA85CF0DF}
		{0EC2BD66-8A3C-4B13-B73C-AB0AE3BA9BBB} = {B214A776-B7D4-4664-ADA0-95D3C203FFF7}
		{FF97084D-1A29-4709-AEEA-365BAD949C90} = {FEECBC39-0BA7-4487-B26B-71A974B8B970}
		{AD49D2A7-09A5-4F9C-A036-1FD18E4B720D} = {B214A776-B7D4-4664-ADA0-95D3C203FFF7}
	EndGlobalSection
EndGlobal
